{
    "_meta": {
        "hash": {
            "sha256": "a095dacad805ec9ccb12bad464f5c0f3204f45aae3bf51fa1bc5a0e8e107772f"
        },
        "pipfile-spec": 6,
        "requires": {
            "python_version": "3.7"
        },
        "sources": [
            {
                "name": "pypi",
                "url": "https://pypi.org/simple",
                "verify_ssl": true
            }
        ]
    },
    "default": {
        "atomicwrites": {
            "hashes": [
                "sha256:81b2c9071a49367a7f770170e5eec8cb66567cfbbc8c73d20ce5ca4a8d71cf11"
            ],
            "markers": "python_version >= '2.7' and python_version not in '3.0, 3.1, 3.2, 3.3'",
            "version": "==1.4.1"
        },
        "attrs": {
            "hashes": [
                "sha256:1f28b4522cdc2fb4256ac1a020c78acf9cba2c6b461ccd2c126f3aa8e8335d04",
                "sha256:6279836d581513a26f1bf235f9acd333bc9115683f14f7e8fae46c98fc50e015"
            ],
            "markers": "python_version >= '3.7'",
            "version": "==23.1.0"
        },
        "bleach": {
            "hashes": [
                "sha256:1a1a85c1595e07d8db14c5f09f09e6433502c51c595970edc090551f0db99414",
                "sha256:33c16e3353dbd13028ab4799a0f89a83f113405c766e9c122df8a06f5b85b3f4"
            ],
            "markers": "python_version >= '3.7'",
            "version": "==6.0.0"
        },
        "certifi": {
            "hashes": [
                "sha256:539cc1d13202e33ca466e88b2807e29f4c13049d6d87031a3c110744495cb082",
                "sha256:92d6037539857d8206b8f6ae472e8b77db8058fec5937a1ef3f54304089edbb9"
            ],
            "index": "pypi",
            "version": "==2023.7.22"
        },
        "charset-normalizer": {
            "hashes": [
                "sha256:04e57ab9fbf9607b77f7d057974694b4f6b142da9ed4a199859d9d4d5c63fe96",
                "sha256:09393e1b2a9461950b1c9a45d5fd251dc7c6f228acab64da1c9c0165d9c7765c",
                "sha256:0b87549028f680ca955556e3bd57013ab47474c3124dc069faa0b6545b6c9710",
                "sha256:1000fba1057b92a65daec275aec30586c3de2401ccdcd41f8a5c1e2c87078706",
                "sha256:1249cbbf3d3b04902ff081ffbb33ce3377fa6e4c7356f759f3cd076cc138d020",
                "sha256:1920d4ff15ce893210c1f0c0e9d19bfbecb7983c76b33f046c13a8ffbd570252",
                "sha256:193cbc708ea3aca45e7221ae58f0fd63f933753a9bfb498a3b474878f12caaad",
                "sha256:1a100c6d595a7f316f1b6f01d20815d916e75ff98c27a01ae817439ea7726329",
                "sha256:1f30b48dd7fa1474554b0b0f3fdfdd4c13b5c737a3c6284d3cdc424ec0ffff3a",
                "sha256:203f0c8871d5a7987be20c72442488a0b8cfd0f43b7973771640fc593f56321f",
                "sha256:246de67b99b6851627d945db38147d1b209a899311b1305dd84916f2b88526c6",
                "sha256:2dee8e57f052ef5353cf608e0b4c871aee320dd1b87d351c28764fc0ca55f9f4",
                "sha256:2efb1bd13885392adfda4614c33d3b68dee4921fd0ac1d3988f8cbb7d589e72a",
                "sha256:2f4ac36d8e2b4cc1aa71df3dd84ff8efbe3bfb97ac41242fbcfc053c67434f46",
                "sha256:3170c9399da12c9dc66366e9d14da8bf7147e1e9d9ea566067bbce7bb74bd9c2",
                "sha256:3b1613dd5aee995ec6d4c69f00378bbd07614702a315a2cf6c1d21461fe17c23",
                "sha256:3bb3d25a8e6c0aedd251753a79ae98a093c7e7b471faa3aa9a93a81431987ace",
                "sha256:3bb7fda7260735efe66d5107fb7e6af6a7c04c7fce9b2514e04b7a74b06bf5dd",
                "sha256:41b25eaa7d15909cf3ac4c96088c1f266a9a93ec44f87f1d13d4a0e86c81b982",
                "sha256:45de3f87179c1823e6d9e32156fb14c1927fcc9aba21433f088fdfb555b77c10",
                "sha256:46fb8c61d794b78ec7134a715a3e564aafc8f6b5e338417cb19fe9f57a5a9bf2",
                "sha256:48021783bdf96e3d6de03a6e39a1171ed5bd7e8bb93fc84cc649d11490f87cea",
                "sha256:4957669ef390f0e6719db3613ab3a7631e68424604a7b448f079bee145da6e09",
                "sha256:5e86d77b090dbddbe78867a0275cb4df08ea195e660f1f7f13435a4649e954e5",
                "sha256:6339d047dab2780cc6220f46306628e04d9750f02f983ddb37439ca47ced7149",
                "sha256:681eb3d7e02e3c3655d1b16059fbfb605ac464c834a0c629048a30fad2b27489",
                "sha256:6c409c0deba34f147f77efaa67b8e4bb83d2f11c8806405f76397ae5b8c0d1c9",
                "sha256:7095f6fbfaa55defb6b733cfeb14efaae7a29f0b59d8cf213be4e7ca0b857b80",
                "sha256:70c610f6cbe4b9fce272c407dd9d07e33e6bf7b4aa1b7ffb6f6ded8e634e3592",
                "sha256:72814c01533f51d68702802d74f77ea026b5ec52793c791e2da806a3844a46c3",
                "sha256:7a4826ad2bd6b07ca615c74ab91f32f6c96d08f6fcc3902ceeedaec8cdc3bcd6",
                "sha256:7c70087bfee18a42b4040bb9ec1ca15a08242cf5867c58726530bdf3945672ed",
                "sha256:855eafa5d5a2034b4621c74925d89c5efef61418570e5ef9b37717d9c796419c",
                "sha256:8700f06d0ce6f128de3ccdbc1acaea1ee264d2caa9ca05daaf492fde7c2a7200",
                "sha256:89f1b185a01fe560bc8ae5f619e924407efca2191b56ce749ec84982fc59a32a",
                "sha256:8b2c760cfc7042b27ebdb4a43a4453bd829a5742503599144d54a032c5dc7e9e",
                "sha256:8c2f5e83493748286002f9369f3e6607c565a6a90425a3a1fef5ae32a36d749d",
                "sha256:8e098148dd37b4ce3baca71fb394c81dc5d9c7728c95df695d2dca218edf40e6",
                "sha256:94aea8eff76ee6d1cdacb07dd2123a68283cb5569e0250feab1240058f53b623",
                "sha256:95eb302ff792e12aba9a8b8f8474ab229a83c103d74a750ec0bd1c1eea32e669",
                "sha256:9bd9b3b31adcb054116447ea22caa61a285d92e94d710aa5ec97992ff5eb7cf3",
                "sha256:9e608aafdb55eb9f255034709e20d5a83b6d60c054df0802fa9c9883d0a937aa",
                "sha256:a103b3a7069b62f5d4890ae1b8f0597618f628b286b03d4bc9195230b154bfa9",
                "sha256:a386ebe437176aab38c041de1260cd3ea459c6ce5263594399880bbc398225b2",
                "sha256:a38856a971c602f98472050165cea2cdc97709240373041b69030be15047691f",
                "sha256:a401b4598e5d3f4a9a811f3daf42ee2291790c7f9d74b18d75d6e21dda98a1a1",
                "sha256:a7647ebdfb9682b7bb97e2a5e7cb6ae735b1c25008a70b906aecca294ee96cf4",
                "sha256:aaf63899c94de41fe3cf934601b0f7ccb6b428c6e4eeb80da72c58eab077b19a",
                "sha256:b0dac0ff919ba34d4df1b6131f59ce95b08b9065233446be7e459f95554c0dc8",
                "sha256:baacc6aee0b2ef6f3d308e197b5d7a81c0e70b06beae1f1fcacffdbd124fe0e3",
                "sha256:bf420121d4c8dce6b889f0e8e4ec0ca34b7f40186203f06a946fa0276ba54029",
                "sha256:c04a46716adde8d927adb9457bbe39cf473e1e2c2f5d0a16ceb837e5d841ad4f",
                "sha256:c0b21078a4b56965e2b12f247467b234734491897e99c1d51cee628da9786959",
                "sha256:c1c76a1743432b4b60ab3358c937a3fe1341c828ae6194108a94c69028247f22",
                "sha256:c4983bf937209c57240cff65906b18bb35e64ae872da6a0db937d7b4af845dd7",
                "sha256:c4fb39a81950ec280984b3a44f5bd12819953dc5fa3a7e6fa7a80db5ee853952",
                "sha256:c57921cda3a80d0f2b8aec7e25c8aa14479ea92b5b51b6876d975d925a2ea346",
                "sha256:c8063cf17b19661471ecbdb3df1c84f24ad2e389e326ccaf89e3fb2484d8dd7e",
                "sha256:ccd16eb18a849fd8dcb23e23380e2f0a354e8daa0c984b8a732d9cfaba3a776d",
                "sha256:cd6dbe0238f7743d0efe563ab46294f54f9bc8f4b9bcf57c3c666cc5bc9d1299",
                "sha256:d62e51710986674142526ab9f78663ca2b0726066ae26b78b22e0f5e571238dd",
                "sha256:db901e2ac34c931d73054d9797383d0f8009991e723dab15109740a63e7f902a",
                "sha256:e03b8895a6990c9ab2cdcd0f2fe44088ca1c65ae592b8f795c3294af00a461c3",
                "sha256:e1c8a2f4c69e08e89632defbfabec2feb8a8d99edc9f89ce33c4b9e36ab63037",
                "sha256:e4b749b9cc6ee664a3300bb3a273c1ca8068c46be705b6c31cf5d276f8628a94",
                "sha256:e6a5bf2cba5ae1bb80b154ed68a3cfa2fa00fde979a7f50d6598d3e17d9ac20c",
                "sha256:e857a2232ba53ae940d3456f7533ce6ca98b81917d47adc3c7fd55dad8fab858",
                "sha256:ee4006268ed33370957f55bf2e6f4d263eaf4dc3cfc473d1d90baff6ed36ce4a",
                "sha256:eef9df1eefada2c09a5e7a40991b9fc6ac6ef20b1372abd48d2794a316dc0449",
                "sha256:f058f6963fd82eb143c692cecdc89e075fa0828db2e5b291070485390b2f1c9c",
                "sha256:f25c229a6ba38a35ae6e25ca1264621cc25d4d38dca2942a7fce0b67a4efe918",
                "sha256:f2a1d0fd4242bd8643ce6f98927cf9c04540af6efa92323e9d3124f57727bfc1",
                "sha256:f7560358a6811e52e9c4d142d497f1a6e10103d3a6881f18d04dbce3729c0e2c",
                "sha256:f779d3ad205f108d14e99bb3859aa7dd8e9c68874617c72354d7ecaec2a054ac",
                "sha256:f87f746ee241d30d6ed93969de31e5ffd09a2961a051e60ae6bddde9ec3583aa"
            ],
            "markers": "python_version >= '3.7'",
            "version": "==3.2.0"
        },
        "coverage": {
            "hashes": [
                "sha256:06a9a2be0b5b576c3f18f1a241f0473575c4a26021b52b2a85263a00f034d51f",
                "sha256:06fb182e69f33f6cd1d39a6c597294cff3143554b64b9825d1dc69d18cc2fff2",
                "sha256:0a5f9e1dbd7fbe30196578ca36f3fba75376fb99888c395c5880b355e2875f8a",
                "sha256:0e1f928eaf5469c11e886fe0885ad2bf1ec606434e79842a879277895a50942a",
                "sha256:171717c7cb6b453aebac9a2ef603699da237f341b38eebfee9be75d27dc38e01",
                "sha256:1e9d683426464e4a252bf70c3498756055016f99ddaec3774bf368e76bbe02b6",
                "sha256:201e7389591af40950a6480bd9edfa8ed04346ff80002cec1a66cac4549c1ad7",
                "sha256:245167dd26180ab4c91d5e1496a30be4cd721a5cf2abf52974f965f10f11419f",
                "sha256:2aee274c46590717f38ae5e4650988d1af340fe06167546cc32fe2f58ed05b02",
                "sha256:2e07b54284e381531c87f785f613b833569c14ecacdcb85d56b25c4622c16c3c",
                "sha256:31563e97dae5598556600466ad9beea39fb04e0229e61c12eaa206e0aa202063",
                "sha256:33d6d3ea29d5b3a1a632b3c4e4f4ecae24ef170b0b9ee493883f2df10039959a",
                "sha256:3d376df58cc111dc8e21e3b6e24606b5bb5dee6024f46a5abca99124b2229ef5",
                "sha256:419bfd2caae268623dd469eff96d510a920c90928b60f2073d79f8fe2bbc5959",
                "sha256:48c19d2159d433ccc99e729ceae7d5293fbffa0bdb94952d3579983d1c8c9d97",
                "sha256:49969a9f7ffa086d973d91cec8d2e31080436ef0fb4a359cae927e742abfaaa6",
                "sha256:52edc1a60c0d34afa421c9c37078817b2e67a392cab17d97283b64c5833f427f",
                "sha256:537891ae8ce59ef63d0123f7ac9e2ae0fc8b72c7ccbe5296fec45fd68967b6c9",
                "sha256:54b896376ab563bd38453cecb813c295cf347cf5906e8b41d340b0321a5433e5",
                "sha256:58c2ccc2f00ecb51253cbe5d8d7122a34590fac9646a960d1430d5b15321d95f",
                "sha256:5b7540161790b2f28143191f5f8ec02fb132660ff175b7747b95dcb77ac26562",
                "sha256:5baa06420f837184130752b7c5ea0808762083bf3487b5038d68b012e5937dbe",
                "sha256:5e330fc79bd7207e46c7d7fd2bb4af2963f5f635703925543a70b99574b0fea9",
                "sha256:61b9a528fb348373c433e8966535074b802c7a5d7f23c4f421e6c6e2f1697a6f",
                "sha256:63426706118b7f5cf6bb6c895dc215d8a418d5952544042c8a2d9fe87fcf09cb",
                "sha256:6d040ef7c9859bb11dfeb056ff5b3872436e3b5e401817d87a31e1750b9ae2fb",
                "sha256:6f48351d66575f535669306aa7d6d6f71bc43372473b54a832222803eb956fd1",
                "sha256:7ee7d9d4822c8acc74a5e26c50604dff824710bc8de424904c0982e25c39c6cb",
                "sha256:81c13a1fc7468c40f13420732805a4c38a105d89848b7c10af65a90beff25250",
                "sha256:8d13c64ee2d33eccf7437961b6ea7ad8673e2be040b4f7fd4fd4d4d28d9ccb1e",
                "sha256:8de8bb0e5ad103888d65abef8bca41ab93721647590a3f740100cd65c3b00511",
                "sha256:8fa03bce9bfbeeef9f3b160a8bed39a221d82308b4152b27d82d8daa7041fee5",
                "sha256:924d94291ca674905fe9481f12294eb11f2d3d3fd1adb20314ba89e94f44ed59",
                "sha256:975d70ab7e3c80a3fe86001d8751f6778905ec723f5b110aed1e450da9d4b7f2",
                "sha256:976b9c42fb2a43ebf304fa7d4a310e5f16cc99992f33eced91ef6f908bd8f33d",
                "sha256:9e31cb64d7de6b6f09702bb27c02d1904b3aebfca610c12772452c4e6c21a0d3",
                "sha256:a342242fe22407f3c17f4b499276a02b01e80f861f1682ad1d95b04018e0c0d4",
                "sha256:a3d33a6b3eae87ceaefa91ffdc130b5e8536182cd6dfdbfc1aa56b46ff8c86de",
                "sha256:a895fcc7b15c3fc72beb43cdcbdf0ddb7d2ebc959edac9cef390b0d14f39f8a9",
                "sha256:afb17f84d56068a7c29f5fa37bfd38d5aba69e3304af08ee94da8ed5b0865833",
                "sha256:b1c546aca0ca4d028901d825015dc8e4d56aac4b541877690eb76490f1dc8ed0",
                "sha256:b29019c76039dc3c0fd815c41392a044ce555d9bcdd38b0fb60fb4cd8e475ba9",
                "sha256:b46517c02ccd08092f4fa99f24c3b83d8f92f739b4657b0f146246a0ca6a831d",
                "sha256:b7aa5f8a41217360e600da646004f878250a0d6738bcdc11a0a39928d7dc2050",
                "sha256:b7b4c971f05e6ae490fef852c218b0e79d4e52f79ef0c8475566584a8fb3e01d",
                "sha256:ba90a9563ba44a72fda2e85302c3abc71c5589cea608ca16c22b9804262aaeb6",
                "sha256:cb017fd1b2603ef59e374ba2063f593abe0fc45f2ad9abdde5b4d83bd922a353",
                "sha256:d22656368f0e6189e24722214ed8d66b8022db19d182927b9a248a2a8a2f67eb",
                "sha256:d2c2db7fd82e9b72937969bceac4d6ca89660db0a0967614ce2481e81a0b771e",
                "sha256:d39b5b4f2a66ccae8b7263ac3c8170994b65266797fb96cbbfd3fb5b23921db8",
                "sha256:d62a5c7dad11015c66fbb9d881bc4caa5b12f16292f857842d9d1871595f4495",
                "sha256:e7d9405291c6928619403db1d10bd07888888ec1abcbd9748fdaa971d7d661b2",
                "sha256:e84606b74eb7de6ff581a7915e2dab7a28a0517fbe1c9239eb227e1354064dcd",
                "sha256:eb393e5ebc85245347950143969b241d08b52b88a3dc39479822e073a1a8eb27",
                "sha256:ebba1cd308ef115925421d3e6a586e655ca5a77b5bf41e02eb0e4562a111f2d1",
                "sha256:ee57190f24fba796e36bb6d3aa8a8783c643d8fa9760c89f7a98ab5455fbf818",
                "sha256:f2f67fe12b22cd130d34d0ef79206061bfb5eda52feb6ce0dba0644e20a03cf4",
                "sha256:f6951407391b639504e3b3be51b7ba5f3528adbf1a8ac3302b687ecababf929e",
                "sha256:f75f7168ab25dd93110c8a8117a22450c19976afbc44234cbf71481094c1b850",
                "sha256:fdec9e8cbf13a5bf63290fc6013d216a4c7232efb51548594ca3631a7f13c3a3"
            ],
            "markers": "python_version >= '3.7'",
            "version": "==7.2.7"
        },
        "coveralls": {
            "hashes": [
                "sha256:ab638e88d38916a6cedbf80a9cd8992d5fa55c77ab755e262e00b36792b7cd6d",
                "sha256:b2388747e2529fa4c669fb1e3e2756e4e07b6ee56c7d9fce05f35ccccc913aa0"
            ],
            "index": "pypi",
            "version": "==1.5.1"
        },
        "distlib": {
            "hashes": [
                "sha256:2e24928bc811348f0feb63014e97aaae3037f2cf48712d51ae61df7fd6075057",
                "sha256:9dafe54b34a028eafd95039d5e5d4851a13734540f1331060d31c9916e7147a8"
            ],
            "version": "==0.3.7"
        },
        "docopt": {
            "hashes": [
                "sha256:49b3a825280bd66b3aa83585ef59c4a8c82f2c8a522dbe754a8bc8d08c85c491"
            ],
            "version": "==0.6.2"
        },
        "docutils": {
            "hashes": [
                "sha256:96f387a2c5562db4476f09f13bbab2192e764cac08ebbf3a34a95d9b1e4a59d6",
                "sha256:f08a4e276c3a1583a86dce3e34aba3fe04d02bba2dd51ed16106244e8a923e3b"
            ],
            "markers": "python_version >= '3.7'",
            "version": "==0.20.1"
        },
        "filelock": {
            "hashes": [
                "sha256:002740518d8aa59a26b0c76e10fb8c6e15eae825d34b6fdf670333fd7b938d81",
                "sha256:cbb791cdea2a72f23da6ac5b5269ab0a0d161e9ef0100e653b69049a7706d1ec"
            ],
            "markers": "python_version >= '3.7'",
            "version": "==3.12.2"
        },
        "idna": {
            "hashes": [
                "sha256:814f528e8dead7d329833b91c5faa87d60bf71824cd12a7530b5526063d02cb4",
                "sha256:90b77e79eaa3eba6de819a0c442c0b4ceefc341a7a2ab77d7562bf49f425c5c2"
            ],
            "markers": "python_version >= '3.5'",
            "version": "==3.4"
        },
        "importlib-metadata": {
            "hashes": [
                "sha256:1aaf550d4f73e5d6783e7acb77aec43d49da8017410afae93822cc9cca98c4d4",
                "sha256:cb52082e659e97afc5dac71e79de97d8681de3aa07ff18578330904a9d18e5b5"
            ],
            "markers": "python_version < '3.8'",
            "version": "==6.7.0"
        },
        "more-itertools": {
            "hashes": [
                "sha256:cabaa341ad0389ea83c17a94566a53ae4c9d07349861ecb14dc6d0345cf9ac5d",
                "sha256:d2bc7f02446e86a68911e58ded76d6561eea00cddfb2a91e7019bbb586c799f3"
            ],
            "markers": "python_version >= '3.7'",
            "version": "==9.1.0"
        },
        "pkginfo": {
            "hashes": [
                "sha256:4b7a555a6d5a22169fcc9cf7bfd78d296b0361adad412a346c1226849af5e546",
                "sha256:8fd5896e8718a4372f0ea9cc9d96f6417c9b986e23a4d116dda26b62cc29d046"
            ],
            "markers": "python_version >= '3.6'",
            "version": "==1.9.6"
        },
        "platformdirs": {
            "hashes": [
                "sha256:1b42b450ad933e981d56e59f1b97495428c9bd60698baab9f3eb3d00d5822421",
                "sha256:ad8291ae0ae5072f66c16945166cb11c63394c7a3ad1b1bc9828ca3162da8c2f"
            ],
            "markers": "python_version >= '3.7'",
            "version": "==3.9.1"
        },
        "pluggy": {
            "hashes": [
                "sha256:15b2acde666561e1298d71b523007ed7364de07029219b604cf808bfa1c765b0",
                "sha256:966c145cd83c96502c3c3868f50408687b38434af77734af1e9ca461a4081d2d"
            ],
            "markers": "python_version >= '2.7' and python_version not in '3.0, 3.1, 3.2, 3.3'",
            "version": "==0.13.1"
        },
        "py": {
            "hashes": [
                "sha256:51c75c4126074b472f746a24399ad32f6053d1b34b68d2fa41e558e6f4a98719",
                "sha256:607c53218732647dff4acdfcd50cb62615cedf612e72d1724fb1a0cc6405b378"
            ],
            "markers": "python_version >= '2.7' and python_version not in '3.0, 3.1, 3.2, 3.3, 3.4'",
            "version": "==1.11.0"
        },
        "pygments": {
            "hashes": [
                "sha256:8ace4d3c1dd481894b2005f560ead0f9f19ee64fe983366be1a21e171d12775c",
                "sha256:db2db3deb4b4179f399a09054b023b6a586b76499d36965813c71aa8ed7b5fd1"
            ],
            "markers": "python_version >= '3.7'",
            "version": "==2.15.1"
        },
        "pytest": {
            "hashes": [
                "sha256:f689bf2fc18c4585403348dd56f47d87780bf217c53ed9ae7a3e2d7faa45f8e9",
                "sha256:f812ea39a0153566be53d88f8de94839db1e8a05352ed8a49525d7d7f37861e9"
            ],
            "index": "pypi",
            "version": "==4.0.2"
        },
        "pytest-cov": {
            "hashes": [
                "sha256:513c425e931a0344944f84ea47f3956be0e416d95acbd897a44970c8d926d5d7",
                "sha256:e360f048b7dae3f2f2a9a4d067b2dd6b6a015d384d1577c994a43f3f7cbad762"
            ],
            "index": "pypi",
            "version": "==2.6.0"
        },
        "pyyaml": {
            "hashes": [
                "sha256:02c78d77281d8f8d07a255e57abdbf43b02257f59f50cc6b636937d68efa5dd0",
                "sha256:0dc9f2eb2e3c97640928dec63fd8dc1dd91e6b6ed236bd5ac00332b99b5c2ff9",
                "sha256:124fd7c7bc1e95b1eafc60825f2daf67c73ce7b33f1194731240d24b0d1bf628",
                "sha256:26fcb33776857f4072601502d93e1a619f166c9c00befb52826e7b774efaa9db",
                "sha256:31ba07c54ef4a897758563e3a0fcc60077698df10180abe4b8165d9895c00ebf",
                "sha256:3c49e39ac034fd64fd576d63bb4db53cda89b362768a67f07749d55f128ac18a",
                "sha256:52bf0930903818e600ae6c2901f748bc4869c0c406056f679ab9614e5d21a166",
                "sha256:5a3f345acff76cad4aa9cb171ee76c590f37394186325d53d1aa25318b0d4a09",
                "sha256:5e7ac4e0e79a53451dc2814f6876c2fa6f71452de1498bbe29c0b54b69a986f4",
                "sha256:7242790ab6c20316b8e7bb545be48d7ed36e26bbe279fd56f2c4a12510e60b4b",
                "sha256:737bd70e454a284d456aa1fa71a0b429dd527bcbf52c5c33f7c8eee81ac16b89",
                "sha256:8635d53223b1f561b081ff4adecb828fd484b8efffe542edcfdff471997f7c39",
                "sha256:8b818b6c5a920cbe4203b5a6b14256f0e5244338244560da89b7b0f1313ea4b6",
                "sha256:8bf38641b4713d77da19e91f8b5296b832e4db87338d6aeffe422d42f1ca896d",
                "sha256:a36a48a51e5471513a5aea920cdad84cbd56d70a5057cca3499a637496ea379c",
                "sha256:b2243dd033fd02c01212ad5c601dafb44fbb293065f430b0d3dbf03f3254d615",
                "sha256:cc547d3ead3754712223abb7b403f0a184e4c3eae18c9bb7fd15adef1597cc4b",
                "sha256:cc552b6434b90d9dbed6a4f13339625dc466fd82597119897e9489c953acbc22",
                "sha256:f3790156c606299ff499ec44db422f66f05a7363b39eb9d5b064f17bd7d7c47b",
                "sha256:f7a21e3d99aa3095ef0553e7ceba36fb693998fbb1226f1392ce33681047465f",
                "sha256:fdc6b2cb4b19e431994f25a9160695cc59a4e861710cc6fc97161c5e845fc579"
            ],
            "index": "pypi",
            "version": "==5.4"
        },
        "readme-renderer": {
            "hashes": [
                "sha256:cd653186dfc73055656f090f227f5cb22a046d7f71a841dfa305f55c9a513273",
                "sha256:f67a16caedfa71eef48a31b39708637a6f4664c4394801a7b0d6432d13907343"
            ],
            "markers": "python_version >= '3.7'",
            "version": "==37.3"
        },
        "requests": {
            "hashes": [
                "sha256:58cd2187c01e70e6e26505bca751777aa9f2ee0b7f4300988b709f44e013003f",
                "sha256:942c5a758f98d790eaed1a29cb6eefc7ffb0d1cf7af05c3d2791656dbd6ad1e1"
            ],
            "markers": "python_version >= '3.7'",
            "version": "==2.31.0"
        },
        "requests-toolbelt": {
            "hashes": [
                "sha256:7681a0a3d047012b5bdc0ee37d7f8f07ebe76ab08caeccfc3921ce23c88d5bc6",
                "sha256:cccfdd665f0a24fcf4726e690f65639d272bb0637b9b92dfd91a5568ccf6bd06"
            ],
            "markers": "python_version >= '2.7' and python_version not in '3.0, 3.1, 3.2, 3.3'",
            "version": "==1.0.0"
        },
        "setuptools": {
            "hashes": [
                "sha256:11e52c67415a381d10d6b462ced9cfb97066179f0e871399e006c4ab101fc85f",
                "sha256:baf1fdb41c6da4cd2eae722e135500da913332ab3f2f5c7d33af9b492acb5235"
            ],
            "markers": "python_version >= '3.7'",
            "version": "==68.0.0"
        },
        "six": {
            "hashes": [
                "sha256:1e61c37477a1626458e36f7b1d82aa5c9b094fa4802892072e49de9c60c4c926",
                "sha256:8abb2f1d86890a2dfb989f9a77cfcfd3e47c2a354b01111771326f8aa26e0254"
            ],
            "markers": "python_version >= '2.7' and python_version not in '3.0, 3.1, 3.2, 3.3'",
            "version": "==1.16.0"
        },
        "toml": {
            "hashes": [
                "sha256:806143ae5bfb6a3c6e736a764057db0e6a0e05e338b5630894a5f779cabb4f9b",
                "sha256:b3bda1d108d5dd99f4a20d24d9c348e91c4db7ab1b749200bded2f839ccbe68f"
            ],
            "markers": "python_version >= '2.6' and python_version not in '3.0, 3.1, 3.2, 3.3'",
            "version": "==0.10.2"
        },
        "tox": {
            "hashes": [
                "sha256:04f8f1aa05de8e76d7a266ccd14e0d665d429977cd42123bc38efa9b59964e9e",
                "sha256:25ef928babe88c71e3ed3af0c464d1160b01fca2dd1870a5bb26c2dea61a17fc"
            ],
            "index": "pypi",
            "version": "==3.7.0"
        },
        "tox-pyenv": {
            "hashes": [
                "sha256:916c2213577aec0b3b5452c5bfb32fd077f3a3196f50a81ad57d7ef3fc2599e4",
                "sha256:e470c18af115fe52eeff95e7e3cdd0793613eca19709966fc2724b79d55246cb"
            ],
            "index": "pypi",
            "version": "==1.1.0"
        },
        "tqdm": {
            "hashes": [
                "sha256:1871fb68a86b8fb3b59ca4cdd3dcccbc7e6d613eeed31f4c332531977b89beb5",
                "sha256:c4f53a17fe37e132815abceec022631be8ffe1b9381c2e6e30aa70edc99e9671"
            ],
            "markers": "python_version >= '3.7'",
            "version": "==4.65.0"
        },
        "twine": {
            "hashes": [
                "sha256:7d89bc6acafb31d124e6e5b295ef26ac77030bf098960c2a4c4e058335827c5c",
                "sha256:fad6f1251195f7ddd1460cb76d6ea106c93adb4e56c41e0da79658e56e547d2c"
            ],
            "index": "pypi",
            "version": "==1.12.1"
        },
        "typing-extensions": {
            "hashes": [
                "sha256:440d5dd3af93b060174bf433bccd69b0babc3b15b1a8dca43789fd7f61514b36",
                "sha256:b75ddc264f0ba5615db7ba217daeb99701ad295353c45f9e95963337ceeeffb2"
            ],
            "markers": "python_version < '3.8'",
            "version": "==4.7.1"
        },
        "urllib3": {
            "hashes": [
                "sha256:8d22f86aae8ef5e410d4f539fde9ce6b2113a001bb4d189e0aed70642d602b11",
                "sha256:de7df1803967d2c2a98e4b11bb7d6bd9210474c46e8a0401514e3a42a75ebde4"
            ],
            "markers": "python_version >= '3.7'",
            "version": "==2.0.4"
        },
        "virtualenv": {
            "hashes": [
                "sha256:43a3052be36080548bdee0b42919c88072037d50d56c28bd3f853cbe92b953ff",
                "sha256:fd8a78f46f6b99a67b7ec5cf73f92357891a7b3a40fd97637c27f854aae3b9e0"
            ],
            "markers": "python_version >= '3.7'",
            "version": "==20.24.2"
        },
        "webencodings": {
            "hashes": [
                "sha256:a0af1213f3c2226497a97e2b3aa01a7e4bee4f403f95be16fc9acd2947514a78",
                "sha256:b36a1c245f2d304965eb4e0a82848379241dc04b865afcc4aab16748587e1923"
            ],
            "version": "==0.5.1"
        },
        "zipp": {
            "hashes": [
                "sha256:112929ad649da941c23de50f356a2b5570c954b65150642bccdd66bf194d224b",
                "sha256:48904fc76a60e542af151aded95726c1a5c34ed43ab4134b597665c86d7ad556"
            ],
            "markers": "python_version >= '3.7'",
            "version": "==3.15.0"
        }
    },
    "develop": {}
}
